{
  "name": "curso-cypress",
  "version": "1.0.0",
  "lockfileVersion": 3,
  "requires": true,
  "packages": {
    "": {
      "name": "curso-cypress",
      "version": "1.0.0",
      "license": "ISC",
      "devDependencies": {
        "@shelex/cypress-allure-plugin": "^2.40.2"
      }
    },
    "node_modules/@shelex/allure-js-commons-browser": {
      "version": "1.5.0",
      "resolved": "https://registry.npmjs.org/@shelex/allure-js-commons-browser/-/allure-js-commons-browser-1.5.0.tgz",
      "integrity": "sha512-IBZcmHTXpyfPmZgpasc4PmxAOuk+GTqxUUntmPKVU0zeauGysluFt+hJ5pPV22TLxEeKgeyl63p6ic6P3usDtg==",
      "dev": true,
      "dependencies": {
        "uuid": "9.0.1"
      }
    },
    "node_modules/@shelex/allure-js-commons-browser/node_modules/uuid": {
      "version": "9.0.1",
      "resolved": "https://registry.npmjs.org/uuid/-/uuid-9.0.1.tgz",
      "integrity": "sha512-b+1eJOlsR9K8HJpow9Ok3fiWOWSIcIzXodvv0rQjVoOVNpWMpxf1wZNpt4y9h10odCNrqnYp1OBzRktckBe3sA==",
      "dev": true,
      "funding": [
        "https://github.com/sponsors/broofa",
        "https://github.com/sponsors/ctavan"
      ],
      "bin": {
        "uuid": "dist/bin/uuid"
      }
    },
    "node_modules/@shelex/cypress-allure-plugin": {
      "version": "2.40.2",
      "resolved": "https://registry.npmjs.org/@shelex/cypress-allure-plugin/-/cypress-allure-plugin-2.40.2.tgz",
      "integrity": "sha512-pgT74XIx0gWG6IBscFctbWS9hoawmCOv22M2lYtDE0yYCS9feKxNIieDBNab2pUeMForUu9J8FVluofYDkFS8A==",
      "dev": true,
      "dependencies": {
        "@shelex/allure-js-commons-browser": "1.5.0",
        "crypto-js": "4.2.0",
        "debug": "4.3.4",
        "object-inspect": "1.13.1",
        "path-browserify": "1.0.1",
        "uuid": "9.0.1"
      }
    },
    "node_modules/@shelex/cypress-allure-plugin/node_modules/debug": {
      "version": "4.3.4",
      "resolved": "https://registry.npmjs.org/debug/-/debug-4.3.4.tgz",
      "integrity": "sha512-PRWFHuSU3eDtQJPvnNY7Jcket1j0t5OuOsFzPPzsekD52Zl8qUfFIPEiswXqIvHWGVHOgX+7G/vCNNhehwxfkQ==",
      "dev": true,
      "dependencies": {
        "ms": "2.1.2"
      },
      "engines": {
        "node": ">=6.0"
      },
      "peerDependenciesMeta": {
        "supports-color": {
          "optional": true
        }
      }
    },
    "node_modules/@shelex/cypress-allure-plugin/node_modules/object-inspect": {
      "version": "1.13.1",
      "resolved": "https://registry.npmjs.org/object-inspect/-/object-inspect-1.13.1.tgz",
      "integrity": "sha512-5qoj1RUiKOMsCCNLV1CBiPYE10sziTsnmNxkAI/rZhiD63CF7IqdFGC/XzjWjpSgLf0LxXX3bDFIh0E18f6UhQ==",
      "dev": true,
      "funding": {
        "url": "https://github.com/sponsors/ljharb"
      }
    },
    "node_modules/@shelex/cypress-allure-plugin/node_modules/uuid": {
      "version": "9.0.1",
      "resolved": "https://registry.npmjs.org/uuid/-/uuid-9.0.1.tgz",
      "integrity": "sha512-b+1eJOlsR9K8HJpow9Ok3fiWOWSIcIzXodvv0rQjVoOVNpWMpxf1wZNpt4y9h10odCNrqnYp1OBzRktckBe3sA==",
      "dev": true,
      "funding": [
        "https://github.com/sponsors/broofa",
        "https://github.com/sponsors/ctavan"
      ],
      "bin": {
        "uuid": "dist/bin/uuid"
      }
    },
    "node_modules/crypto-js": {
      "version": "4.2.0",
      "resolved": "https://registry.npmjs.org/crypto-js/-/crypto-js-4.2.0.tgz",
      "integrity": "sha512-KALDyEYgpY+Rlob/iriUtjV6d5Eq+Y191A5g4UqLAi8CyGP9N1+FdVbkc1SxKc2r4YAYqG8JzO2KGL+AizD70Q==",
      "dev": true
    },
    "node_modules/ms": {
      "version": "2.1.2",
      "resolved": "https://registry.npmjs.org/ms/-/ms-2.1.2.tgz",
      "integrity": "sha512-sGkPx+VjMtmA6MX27oA4FBFELFCZZ4S4XqeGOXCv68tT+jb3vk/RyaKWP0PTKyWtmLSM0b+adUTEvbs1PEaH2w==",
      "dev": true
    },
    "node_modules/path-browserify": {
      "version": "1.0.1",
      "resolved": "https://registry.npmjs.org/path-browserify/-/path-browserify-1.0.1.tgz",
      "integrity": "sha512-b7uo2UCUOYZcnF/3ID0lulOJi/bafxa1xPe7ZPsammBSpjSWQkjNxlt635YGS2MiR9GjvuXCtz2emr3jbsz98g==",
      "dev": true
    }
  }
}
